
Microsoft Visual Studio Solution File, Format Version 12.00
# Visual Studio Version 17
VisualStudioVersion = 17.2.32519.379
MinimumVisualStudioVersion = 10.0.40219.1
Project("{9A19103F-16F7-4668-BE54-9A1E7A4F7556}") = "Geekburger.Order.Api", "Geekburger.Order\Geekburger.Order.Api.csproj", "{D2533379-C4DC-4A1A-B7E8-B17DA46D7E3C}"
EndProject
Project("{9A19103F-16F7-4668-BE54-9A1E7A4F7556}") = "Geekburger.Order.Contract", "Geekburger.Order.Contract\Geekburger.Order.Contract.csproj", "{AC445844-05B3-4FD4-8328-4702354FE0C2}"
EndProject
Project("{9A19103F-16F7-4668-BE54-9A1E7A4F7556}") = "Messages.Service", "..\Geekburger.Services\Messages.Service\Messages.Service.csproj", "{96718B6F-61E3-43F3-99AD-F12B98FCF5FD}"
EndProject
Project("{9A19103F-16F7-4668-BE54-9A1E7A4F7556}") = "Geekburger.Order.Database", "Geekburger.Order.Database\Geekburger.Order.Database.csproj", "{E4D93A20-008F-4035-A2EF-377C087FB12E}"
EndProject
Project("{9A19103F-16F7-4668-BE54-9A1E7A4F7556}") = "Geekburger.Order.Domain", "Geekburger.Order.Domain\Geekburger.Order.Domain.csproj", "{83EFA7D2-2022-4B33-BB1E-993DF09D2FBF}"
EndProject
Project("{9A19103F-16F7-4668-BE54-9A1E7A4F7556}") = "Geekburger.Order.Data", "Geekburger.Order.Data\Geekburger.Order.Data.csproj", "{B0FDB9D3-6DB1-49BE-9B5E-9FCC538B0E73}"
EndProject
Project("{9A19103F-16F7-4668-BE54-9A1E7A4F7556}") = "Geekburger.Order.Services", "Geekburger.Order.Services\Geekburger.Order.Services.csproj", "{59D48264-D371-46B6-B021-68D1C4835809}"
EndProject
Project("{9A19103F-16F7-4668-BE54-9A1E7A4F7556}") = "Geekburger.Extensions", "..\Geekburger.Services\Geekburger.Extensions\Geekburger.Extensions.csproj", "{69757C16-CC52-443A-B13F-A1A80C56A7F3}"
EndProject
Project("{FAE04EC0-301F-11D3-BF4B-00C04F79EFBC}") = "Geekburger.UI.Simulate", "Geekburger.UI.Simulate\Geekburger.UI.Simulate.csproj", "{2A1E4E06-3F52-4BBA-BC87-E2BBEA70E2EE}"
EndProject
Global
	GlobalSection(SolutionConfigurationPlatforms) = preSolution
		Debug|Any CPU = Debug|Any CPU
		Release|Any CPU = Release|Any CPU
	EndGlobalSection
	GlobalSection(ProjectConfigurationPlatforms) = postSolution
		{D2533379-C4DC-4A1A-B7E8-B17DA46D7E3C}.Debug|Any CPU.ActiveCfg = Debug|Any CPU
		{D2533379-C4DC-4A1A-B7E8-B17DA46D7E3C}.Debug|Any CPU.Build.0 = Debug|Any CPU
		{D2533379-C4DC-4A1A-B7E8-B17DA46D7E3C}.Release|Any CPU.ActiveCfg = Release|Any CPU
		{D2533379-C4DC-4A1A-B7E8-B17DA46D7E3C}.Release|Any CPU.Build.0 = Release|Any CPU
		{AC445844-05B3-4FD4-8328-4702354FE0C2}.Debug|Any CPU.ActiveCfg = Debug|Any CPU
		{AC445844-05B3-4FD4-8328-4702354FE0C2}.Debug|Any CPU.Build.0 = Debug|Any CPU
		{AC445844-05B3-4FD4-8328-4702354FE0C2}.Release|Any CPU.ActiveCfg = Release|Any CPU
		{AC445844-05B3-4FD4-8328-4702354FE0C2}.Release|Any CPU.Build.0 = Release|Any CPU
		{96718B6F-61E3-43F3-99AD-F12B98FCF5FD}.Debug|Any CPU.ActiveCfg = Debug|Any CPU
		{96718B6F-61E3-43F3-99AD-F12B98FCF5FD}.Debug|Any CPU.Build.0 = Debug|Any CPU
		{96718B6F-61E3-43F3-99AD-F12B98FCF5FD}.Release|Any CPU.ActiveCfg = Release|Any CPU
		{96718B6F-61E3-43F3-99AD-F12B98FCF5FD}.Release|Any CPU.Build.0 = Release|Any CPU
		{E4D93A20-008F-4035-A2EF-377C087FB12E}.Debug|Any CPU.ActiveCfg = Debug|Any CPU
		{E4D93A20-008F-4035-A2EF-377C087FB12E}.Debug|Any CPU.Build.0 = Debug|Any CPU
		{E4D93A20-008F-4035-A2EF-377C087FB12E}.Release|Any CPU.ActiveCfg = Release|Any CPU
		{E4D93A20-008F-4035-A2EF-377C087FB12E}.Release|Any CPU.Build.0 = Release|Any CPU
		{83EFA7D2-2022-4B33-BB1E-993DF09D2FBF}.Debug|Any CPU.ActiveCfg = Debug|Any CPU
		{83EFA7D2-2022-4B33-BB1E-993DF09D2FBF}.Debug|Any CPU.Build.0 = Debug|Any CPU
		{83EFA7D2-2022-4B33-BB1E-993DF09D2FBF}.Release|Any CPU.ActiveCfg = Release|Any CPU
		{83EFA7D2-2022-4B33-BB1E-993DF09D2FBF}.Release|Any CPU.Build.0 = Release|Any CPU
		{B0FDB9D3-6DB1-49BE-9B5E-9FCC538B0E73}.Debug|Any CPU.ActiveCfg = Debug|Any CPU
		{B0FDB9D3-6DB1-49BE-9B5E-9FCC538B0E73}.Debug|Any CPU.Build.0 = Debug|Any CPU
		{B0FDB9D3-6DB1-49BE-9B5E-9FCC538B0E73}.Release|Any CPU.ActiveCfg = Release|Any CPU
		{B0FDB9D3-6DB1-49BE-9B5E-9FCC538B0E73}.Release|Any CPU.Build.0 = Release|Any CPU
		{59D48264-D371-46B6-B021-68D1C4835809}.Debug|Any CPU.ActiveCfg = Debug|Any CPU
		{59D48264-D371-46B6-B021-68D1C4835809}.Debug|Any CPU.Build.0 = Debug|Any CPU
		{59D48264-D371-46B6-B021-68D1C4835809}.Release|Any CPU.ActiveCfg = Release|Any CPU
		{59D48264-D371-46B6-B021-68D1C4835809}.Release|Any CPU.Build.0 = Release|Any CPU
		{69757C16-CC52-443A-B13F-A1A80C56A7F3}.Debug|Any CPU.ActiveCfg = Debug|Any CPU
		{69757C16-CC52-443A-B13F-A1A80C56A7F3}.Debug|Any CPU.Build.0 = Debug|Any CPU
		{69757C16-CC52-443A-B13F-A1A80C56A7F3}.Release|Any CPU.ActiveCfg = Release|Any CPU
		{69757C16-CC52-443A-B13F-A1A80C56A7F3}.Release|Any CPU.Build.0 = Release|Any CPU
		{2A1E4E06-3F52-4BBA-BC87-E2BBEA70E2EE}.Debug|Any CPU.ActiveCfg = Debug|Any CPU
		{2A1E4E06-3F52-4BBA-BC87-E2BBEA70E2EE}.Debug|Any CPU.Build.0 = Debug|Any CPU
		{2A1E4E06-3F52-4BBA-BC87-E2BBEA70E2EE}.Release|Any CPU.ActiveCfg = Release|Any CPU
		{2A1E4E06-3F52-4BBA-BC87-E2BBEA70E2EE}.Release|Any CPU.Build.0 = Release|Any CPU
	EndGlobalSection
	GlobalSection(SolutionProperties) = preSolution
		HideSolutionNode = FALSE
	EndGlobalSection
	GlobalSection(ExtensibilityGlobals) = postSolution
		SolutionGuid = {69A8BBCB-EF2A-4F03-8718-3673235CC0F1}
	EndGlobalSection
EndGlobal
